// !$*UTF8*$!
{
	archiveVersion = 1;
	classes = {
	};
	objectVersion = 50;
	objects = {

/* Begin PBXBuildFile section */
		17100AD52668598500B950C7 /* FavoritesView.swift in Sources */ = {isa = PBXBuildFile; fileRef = 17100AD22668598500B950C7 /* FavoritesView.swift */; };
		17100AD62668598500B950C7 /* HomeView.swift in Sources */ = {isa = PBXBuildFile; fileRef = 17100AD32668598500B950C7 /* HomeView.swift */; };
		17100ADA2668598F00B950C7 /* Database.swift in Sources */ = {isa = PBXBuildFile; fileRef = 17100AD92668598F00B950C7 /* Database.swift */; };
		17100ADD26685A9E00B950C7 /* ContentView.swift in Sources */ = {isa = PBXBuildFile; fileRef = 17100ADC26685A9E00B950C7 /* ContentView.swift */; };
		17100ADF26685AEE00B950C7 /* ThemeGen.swift in Sources */ = {isa = PBXBuildFile; fileRef = 17100ADE26685AEE00B950C7 /* ThemeGen.swift */; };
		176AABE32662E7D300212269 /* TabBar.swift in Sources */ = {isa = PBXBuildFile; fileRef = 176AABE22662E7D300212269 /* TabBar.swift */; };
		176AABEB266315C900212269 /* SceneDelegate.swift in Sources */ = {isa = PBXBuildFile; fileRef = 176AABEA266315C900212269 /* SceneDelegate.swift */; };
		17D2B22E2661009700A5697F /* Theme_CreatorApp.swift in Sources */ = {isa = PBXBuildFile; fileRef = 17D2B22D2661009700A5697F /* Theme_CreatorApp.swift */; };
		17D2B2322661009800A5697F /* Assets.xcassets in Resources */ = {isa = PBXBuildFile; fileRef = 17D2B2312661009800A5697F /* Assets.xcassets */; };
		17D2B2352661009800A5697F /* Preview Assets.xcassets in Resources */ = {isa = PBXBuildFile; fileRef = 17D2B2342661009800A5697F /* Preview Assets.xcassets */; };
		17D4CAF82661219A00EF30E2 /* UIPlayerView.swift in Sources */ = {isa = PBXBuildFile; fileRef = 17D4CAF72661219A00EF30E2 /* UIPlayerView.swift */; };
		17D4CAFC266121B600EF30E2 /* PlayerView.swift in Sources */ = {isa = PBXBuildFile; fileRef = 17D4CAFB266121B600EF30E2 /* PlayerView.swift */; };
/* End PBXBuildFile section */

/* Begin PBXFileReference section */
		17100AD22668598500B950C7 /* FavoritesView.swift */ = {isa = PBXFileReference; fileEncoding = 4; lastKnownFileType = sourcecode.swift; path = FavoritesView.swift; sourceTree = "<group>"; };
		17100AD32668598500B950C7 /* HomeView.swift */ = {isa = PBXFileReference; fileEncoding = 4; lastKnownFileType = sourcecode.swift; path = HomeView.swift; sourceTree = "<group>"; };
		17100AD92668598F00B950C7 /* Database.swift */ = {isa = PBXFileReference; fileEncoding = 4; lastKnownFileType = sourcecode.swift; path = Database.swift; sourceTree = "<group>"; };
		17100ADC26685A9E00B950C7 /* ContentView.swift */ = {isa = PBXFileReference; fileEncoding = 4; lastKnownFileType = sourcecode.swift; name = ContentView.swift; path = "Theme Creator/ContentView.swift"; sourceTree = SOURCE_ROOT; };
		17100ADE26685AEE00B950C7 /* ThemeGen.swift */ = {isa = PBXFileReference; lastKnownFileType = sourcecode.swift; path = ThemeGen.swift; sourceTree = "<group>"; };
		1731AE9626611A06004B847F /* bounce.mp4 */ = {isa = PBXFileReference; lastKnownFileType = file; name = bounce.mp4; path = "Theme Creator/bounce.mp4"; sourceTree = SOURCE_ROOT; };
		176AABE22662E7D300212269 /* TabBar.swift */ = {isa = PBXFileReference; lastKnownFileType = sourcecode.swift; path = TabBar.swift; sourceTree = "<group>"; };
		176AABEA266315C900212269 /* SceneDelegate.swift */ = {isa = PBXFileReference; fileEncoding = 4; lastKnownFileType = sourcecode.swift; path = SceneDelegate.swift; sourceTree = "<group>"; };
		17D2B22A2661009700A5697F /* Theme Creator.app */ = {isa = PBXFileReference; explicitFileType = wrapper.application; includeInIndex = 0; path = "Theme Creator.app"; sourceTree = BUILT_PRODUCTS_DIR; };
		17D2B22D2661009700A5697F /* Theme_CreatorApp.swift */ = {isa = PBXFileReference; lastKnownFileType = sourcecode.swift; path = Theme_CreatorApp.swift; sourceTree = "<group>"; };
		17D2B2312661009800A5697F /* Assets.xcassets */ = {isa = PBXFileReference; lastKnownFileType = folder.assetcatalog; path = Assets.xcassets; sourceTree = "<group>"; };
		17D2B2342661009800A5697F /* Preview Assets.xcassets */ = {isa = PBXFileReference; lastKnownFileType = folder.assetcatalog; path = "Preview Assets.xcassets"; sourceTree = "<group>"; };
		17D2B2362661009800A5697F /* Info.plist */ = {isa = PBXFileReference; lastKnownFileType = text.plist.xml; path = Info.plist; sourceTree = "<group>"; };
		17D4CAF72661219A00EF30E2 /* UIPlayerView.swift */ = {isa = PBXFileReference; fileEncoding = 4; lastKnownFileType = sourcecode.swift; path = UIPlayerView.swift; sourceTree = "<group>"; };
		17D4CAFB266121B600EF30E2 /* PlayerView.swift */ = {isa = PBXFileReference; fileEncoding = 4; lastKnownFileType = sourcecode.swift; path = PlayerView.swift; sourceTree = "<group>"; };
/* End PBXFileReference section */

/* Begin PBXFrameworksBuildPhase section */
		17D2B2272661009700A5697F /* Frameworks */ = {
			isa = PBXFrameworksBuildPhase;
			buildActionMask = 2147483647;
			files = (
			);
			runOnlyForDeploymentPostprocessing = 0;
		};
/* End PBXFrameworksBuildPhase section */

/* Begin PBXGroup section */
		17100AD12668598500B950C7 /* ViewModels */ = {
			isa = PBXGroup;
			children = (
				17100AD22668598500B950C7 /* FavoritesView.swift */,
				17100AD32668598500B950C7 /* HomeView.swift */,
				17100ADC26685A9E00B950C7 /* ContentView.swift */,
			);
			path = ViewModels;
			sourceTree = "<group>";
		};
		17100AD82668598F00B950C7 /* Models */ = {
			isa = PBXGroup;
			children = (
				17100AD92668598F00B950C7 /* Database.swift */,
				17100ADE26685AEE00B950C7 /* ThemeGen.swift */,
			);
			name = Models;
			path = "Theme Creator/Models";
			sourceTree = SOURCE_ROOT;
		};
		1731AE95266119F4004B847F /* Assets */ = {
			isa = PBXGroup;
			children = (
				1731AE9626611A06004B847F /* bounce.mp4 */,
			);
			path = Assets;
			sourceTree = "<group>";
		};
		176AABE12662E7C300212269 /* Navigation */ = {
			isa = PBXGroup;
			children = (
				176AABE22662E7D300212269 /* TabBar.swift */,
			);
			path = Navigation;
			sourceTree = "<group>";
		};
		17D2B2212661009700A5697F = {
			isa = PBXGroup;
			children = (
				1731AE95266119F4004B847F /* Assets */,
				17D2B22C2661009700A5697F /* Theme Creator */,
				17D2B22B2661009700A5697F /* Products */,
			);
			sourceTree = "<group>";
		};
		17D2B22B2661009700A5697F /* Products */ = {
			isa = PBXGroup;
			children = (
				17D2B22A2661009700A5697F /* Theme Creator.app */,
			);
			name = Products;
			sourceTree = "<group>";
		};
		17D2B22C2661009700A5697F /* Theme Creator */ = {
			isa = PBXGroup;
			children = (
				17D2B22D2661009700A5697F /* Theme_CreatorApp.swift */,
				17100AD82668598F00B950C7 /* Models */,
				17100AD12668598500B950C7 /* ViewModels */,
				176AABE12662E7C300212269 /* Navigation */,
				17D2B2312661009800A5697F /* Assets.xcassets */,
				17DDD796266C705F00E06A46 /* BackgroundView */,
				17D2B2362661009800A5697F /* Info.plist */,
				17D2B2332661009800A5697F /* Preview Content */,
			);
			path = "Theme Creator";
			sourceTree = "<group>";
		};
		17D2B2332661009800A5697F /* Preview Content */ = {
			isa = PBXGroup;
			children = (
				17D2B2342661009800A5697F /* Preview Assets.xcassets */,
			);
			path = "Preview Content";
			sourceTree = "<group>";
		};
		17DDD796266C705F00E06A46 /* BackgroundView */ = {
			isa = PBXGroup;
			children = (
				17D4CAFB266121B600EF30E2 /* PlayerView.swift */,
				176AABEA266315C900212269 /* SceneDelegate.swift */,
				17D4CAF72661219A00EF30E2 /* UIPlayerView.swift */,
			);
			path = BackgroundView;
			sourceTree = "<group>";
		};
/* End PBXGroup section */

/* Begin PBXNativeTarget section */
		17D2B2292661009700A5697F /* Theme Creator */ = {
			isa = PBXNativeTarget;
			buildConfigurationList = 17D2B2392661009800A5697F /* Build configuration list for PBXNativeTarget "Theme Creator" */;
			buildPhases = (
				17D2B2262661009700A5697F /* Sources */,
				17D2B2272661009700A5697F /* Frameworks */,
				17D2B2282661009700A5697F /* Resources */,
			);
			buildRules = (
			);
			dependencies = (
			);
			name = "Theme Creator";
			productName = "Theme Creator";
			productReference = 17D2B22A2661009700A5697F /* Theme Creator.app */;
			productType = "com.apple.product-type.application";
		};
/* End PBXNativeTarget section */

/* Begin PBXProject section */
		17D2B2222661009700A5697F /* Project object */ = {
			isa = PBXProject;
			attributes = {
				LastSwiftUpdateCheck = 1250;
				LastUpgradeCheck = 1250;
				TargetAttributes = {
					17D2B2292661009700A5697F = {
						CreatedOnToolsVersion = 12.5;
					};
				};
			};
			buildConfigurationList = 17D2B2252661009700A5697F /* Build configuration list for PBXProject "Theme Creator" */;
			compatibilityVersion = "Xcode 9.3";
			developmentRegion = en;
			hasScannedForEncodings = 0;
			knownRegions = (
				en,
				Base,
			);
			mainGroup = 17D2B2212661009700A5697F;
			productRefGroup = 17D2B22B2661009700A5697F /* Products */;
			projectDirPath = "";
			projectRoot = "";
			targets = (
				17D2B2292661009700A5697F /* Theme Creator */,
			);
		};
/* End PBXProject section */

/* Begin PBXResourcesBuildPhase section */
		17D2B2282661009700A5697F /* Resources */ = {
			isa = PBXResourcesBuildPhase;
			buildActionMask = 2147483647;
			files = (
				17D2B2352661009800A5697F /* Preview Assets.xcassets in Resources */,
				17D2B2322661009800A5697F /* Assets.xcassets in Resources */,
			);
			runOnlyForDeploymentPostprocessing = 0;
		};
/* End PBXResourcesBuildPhase section */

/* Begin PBXSourcesBuildPhase section */
		17D2B2262661009700A5697F /* Sources */ = {
			isa = PBXSourcesBuildPhase;
			buildActionMask = 2147483647;
			files = (
				17D2B22E2661009700A5697F /* Theme_CreatorApp.swift in Sources */,
				176AABEB266315C900212269 /* SceneDelegate.swift in Sources */,
				17100ADF26685AEE00B950C7 /* ThemeGen.swift in Sources */,
				17D4CAFC266121B600EF30E2 /* PlayerView.swift in Sources */,
				17100AD52668598500B950C7 /* FavoritesView.swift in Sources */,
				17100AD62668598500B950C7 /* HomeView.swift in Sources */,
				17100ADD26685A9E00B950C7 /* ContentView.swift in Sources */,
				176AABE32662E7D300212269 /* TabBar.swift in Sources */,
				17100ADA2668598F00B950C7 /* Database.swift in Sources */,
				17D4CAF82661219A00EF30E2 /* UIPlayerView.swift in Sources */,
			);
			runOnlyForDeploymentPostprocessing = 0;
		};
/* End PBXSourcesBuildPhase section */

/* Begin XCBuildConfiguration section */
		17D2B2372661009800A5697F /* Debug */ = {
			isa = XCBuildConfiguration;
			buildSettings = {
				ALWAYS_SEARCH_USER_PATHS = NO;
				CLANG_ANALYZER_NONNULL = YES;
				CLANG_ANALYZER_NUMBER_OBJECT_CONVERSION = YES_AGGRESSIVE;
				CLANG_CXX_LANGUAGE_STANDARD = "gnu++14";
				CLANG_CXX_LIBRARY = "libc++";
				CLANG_ENABLE_MODULES = YES;
				CLANG_ENABLE_OBJC_ARC = YES;
				CLANG_ENABLE_OBJC_WEAK = YES;
				CLANG_WARN_BLOCK_CAPTURE_AUTORELEASING = YES;
				CLANG_WARN_BOOL_CONVERSION = YES;
				CLANG_WARN_COMMA = YES;
				CLANG_WARN_CONSTANT_CONVERSION = YES;
				CLANG_WARN_DEPRECATED_OBJC_IMPLEMENTATIONS = YES;
				CLANG_WARN_DIRECT_OBJC_ISA_USAGE = YES_ERROR;
				CLANG_WARN_DOCUMENTATION_COMMENTS = YES;
				CLANG_WARN_EMPTY_BODY = YES;
				CLANG_WARN_ENUM_CONVERSION = YES;
				CLANG_WARN_INFINITE_RECURSION = YES;
				CLANG_WARN_INT_CONVERSION = YES;
				CLANG_WARN_NON_LITERAL_NULL_CONVERSION = YES;
				CLANG_WARN_OBJC_IMPLICIT_RETAIN_SELF = YES;
				CLANG_WARN_OBJC_LITERAL_CONVERSION = YES;
				CLANG_WARN_OBJC_ROOT_CLASS = YES_ERROR;
				CLANG_WARN_QUOTED_INCLUDE_IN_FRAMEWORK_HEADER = YES;
				CLANG_WARN_RANGE_LOOP_ANALYSIS = YES;
				CLANG_WARN_STRICT_PROTOTYPES = YES;
				CLANG_WARN_SUSPICIOUS_MOVE = YES;
				CLANG_WARN_UNGUARDED_AVAILABILITY = YES_AGGRESSIVE;
				CLANG_WARN_UNREACHABLE_CODE = YES;
				CLANG_WARN__DUPLICATE_METHOD_MATCH = YES;
				COPY_PHASE_STRIP = NO;
				DEBUG_INFORMATION_FORMAT = dwarf;
				ENABLE_STRICT_OBJC_MSGSEND = YES;
				ENABLE_TESTABILITY = YES;
				GCC_C_LANGUAGE_STANDARD = gnu11;
				GCC_DYNAMIC_NO_PIC = NO;
				GCC_NO_COMMON_BLOCKS = YES;
				GCC_OPTIMIZATION_LEVEL = 0;
				GCC_PREPROCESSOR_DEFINITIONS = (
					"DEBUG=1",
					"$(inherited)",
				);
				GCC_WARN_64_TO_32_BIT_CONVERSION = YES;
				GCC_WARN_ABOUT_RETURN_TYPE = YES_ERROR;
				GCC_WARN_UNDECLARED_SELECTOR = YES;
				GCC_WARN_UNINITIALIZED_AUTOS = YES_AGGRESSIVE;
				GCC_WARN_UNUSED_FUNCTION = YES;
				GCC_WARN_UNUSED_VARIABLE = YES;
				IPHONEOS_DEPLOYMENT_TARGET = 14.5;
				MTL_ENABLE_DEBUG_INFO = INCLUDE_SOURCE;
				MTL_FAST_MATH = YES;
				ONLY_ACTIVE_ARCH = YES;
				SDKROOT = iphoneos;
				SWIFT_ACTIVE_COMPILATION_CONDITIONS = DEBUG;
				SWIFT_OPTIMIZATION_LEVEL = "-Onone";
			};
			name = Debug;
		};
		17D2B2382661009800A5697F /* Release */ = {
			isa = XCBuildConfiguration;
			buildSettings = {
				ALWAYS_SEARCH_USER_PATHS = NO;
				CLANG_ANALYZER_NONNULL = YES;
				CLANG_ANALYZER_NUMBER_OBJECT_CONVERSION = YES_AGGRESSIVE;
				CLANG_CXX_LANGUAGE_STANDARD = "gnu++14";
				CLANG_CXX_LIBRARY = "libc++";
				CLANG_ENABLE_MODULES = YES;
				CLANG_ENABLE_OBJC_ARC = YES;
				CLANG_ENABLE_OBJC_WEAK = YES;
				CLANG_WARN_BLOCK_CAPTURE_AUTORELEASING = YES;
				CLANG_WARN_BOOL_CONVERSION = YES;
				CLANG_WARN_COMMA = YES;
				CLANG_WARN_CONSTANT_CONVERSION = YES;
				CLANG_WARN_DEPRECATED_OBJC_IMPLEMENTATIONS = YES;
				CLANG_WARN_DIRECT_OBJC_ISA_USAGE = YES_ERROR;
				CLANG_WARN_DOCUMENTATION_COMMENTS = YES;
				CLANG_WARN_EMPTY_BODY = YES;
				CLANG_WARN_ENUM_CONVERSION = YES;
				CLANG_WARN_INFINITE_RECURSION = YES;
				CLANG_WARN_INT_CONVERSION = YES;
				CLANG_WARN_NON_LITERAL_NULL_CONVERSION = YES;
				CLANG_WARN_OBJC_IMPLICIT_RETAIN_SELF = YES;
				CLANG_WARN_OBJC_LITERAL_CONVERSION = YES;
				CLANG_WARN_OBJC_ROOT_CLASS = YES_ERROR;
				CLANG_WARN_QUOTED_INCLUDE_IN_FRAMEWORK_HEADER = YES;
				CLANG_WARN_RANGE_LOOP_ANALYSIS = YES;
				CLANG_WARN_STRICT_PROTOTYPES = YES;
				CLANG_WARN_SUSPICIOUS_MOVE = YES;
				CLANG_WARN_UNGUARDED_AVAILABILITY = YES_AGGRESSIVE;
				CLANG_WARN_UNREACHABLE_CODE = YES;
				CLANG_WARN__DUPLICATE_METHOD_MATCH = YES;
				COPY_PHASE_STRIP = NO;
				DEBUG_INFORMATION_FORMAT = "dwarf-with-dsym";
				ENABLE_NS_ASSERTIONS = NO;
				ENABLE_STRICT_OBJC_MSGSEND = YES;
				GCC_C_LANGUAGE_STANDARD = gnu11;
				GCC_NO_COMMON_BLOCKS = YES;
				GCC_WARN_64_TO_32_BIT_CONVERSION = YES;
				GCC_WARN_ABOUT_RETURN_TYPE = YES_ERROR;
				GCC_WARN_UNDECLARED_SELECTOR = YES;
				GCC_WARN_UNINITIALIZED_AUTOS = YES_AGGRESSIVE;
				GCC_WARN_UNUSED_FUNCTION = YES;
				GCC_WARN_UNUSED_VARIABLE = YES;
				IPHONEOS_DEPLOYMENT_TARGET = 14.5;
				MTL_ENABLE_DEBUG_INFO = NO;
				MTL_FAST_MATH = YES;
				SDKROOT = iphoneos;
				SWIFT_COMPILATION_MODE = wholemodule;
				SWIFT_OPTIMIZATION_LEVEL = "-O";
				VALIDATE_PRODUCT = YES;
			};
			name = Release;
		};
		17D2B23A2661009800A5697F /* Debug */ = {
			isa = XCBuildConfiguration;
			buildSettings = {
				ASSETCATALOG_COMPILER_APPICON_NAME = AppIcon;
				ASSETCATALOG_COMPILER_GLOBAL_ACCENT_COLOR_NAME = AccentColor;
				CODE_SIGN_STYLE = Automatic;
				DEVELOPMENT_ASSET_PATHS = "\"Theme Creator/Preview Content\"";
				DEVELOPMENT_TEAM = 746V9CM682;
				ENABLE_PREVIEWS = YES;
				INFOPLIST_FILE = "Theme Creator/Info.plist";
				IPHONEOS_DEPLOYMENT_TARGET = 14.0;
				LD_RUNPATH_SEARCH_PATHS = (
					"$(inherited)",
					"@executable_path/Frameworks",
				);
				PRODUCT_BUNDLE_IDENTIFIER = "com.haethehae.Theme-Creator";
				PRODUCT_NAME = "$(TARGET_NAME)";
				SWIFT_VERSION = 5.0;
				TARGETED_DEVICE_FAMILY = "1,2";
			};
			name = Debug;
		};
		17D2B23B2661009800A5697F /* Release */ = {
			isa = XCBuildConfiguration;
			buildSettings = {
				ASSETCATALOG_COMPILER_APPICON_NAME = AppIcon;
				ASSETCATALOG_COMPILER_GLOBAL_ACCENT_COLOR_NAME = AccentColor;
				CODE_SIGN_STYLE = Automatic;
				DEVELOPMENT_ASSET_PATHS = "\"Theme Creator/Preview Content\"";
				DEVELOPMENT_TEAM = 746V9CM682;
				ENABLE_PREVIEWS = YES;
				INFOPLIST_FILE = "Theme Creator/Info.plist";
				IPHONEOS_DEPLOYMENT_TARGET = 14.0;
				LD_RUNPATH_SEARCH_PATHS = (
					"$(inherited)",
					"@executable_path/Frameworks",
				);
				PRODUCT_BUNDLE_IDENTIFIER = "com.haethehae.Theme-Creator";
				PRODUCT_NAME = "$(TARGET_NAME)";
				SWIFT_VERSION = 5.0;
				TARGETED_DEVICE_FAMILY = "1,2";
			};
			name = Release;
		};
/* End XCBuildConfiguration section */

/* Begin XCConfigurationList section */
		17D2B2252661009700A5697F /* Build configuration list for PBXProject "Theme Creator" */ = {
			isa = XCConfigurationList;
			buildConfigurations = (
				17D2B2372661009800A5697F /* Debug */,
				17D2B2382661009800A5697F /* Release */,
			);
			defaultConfigurationIsVisible = 0;
			defaultConfigurationName = Release;
		};
		17D2B2392661009800A5697F /* Build configuration list for PBXNativeTarget "Theme Creator" */ = {
			isa = XCConfigurationList;
			buildConfigurations = (
				17D2B23A2661009800A5697F /* Debug */,
				17D2B23B2661009800A5697F /* Release */,
			);
			defaultConfigurationIsVisible = 0;
			defaultConfigurationName = Release;
		};
/* End XCConfigurationList section */
	};
	rootObject = 17D2B2222661009700A5697F /* Project object */;
}
